
Microsoft Visual Studio Solution File, Format Version 12.00
Project("{FAE04EC0-301F-11D3-BF4B-00C04F79EFBC}") = "Mission5Assignment", "Mission5Assignment\Mission5Assignment.csproj", "{6291D341-7AB6-48D3-BDCE-AD954FCF1DDC}"
EndProject
Global
	GlobalSection(SolutionConfigurationPlatforms) = preSolution
		Debug|Any CPU = Debug|Any CPU
		Release|Any CPU = Release|Any CPU
	EndGlobalSection
	GlobalSection(ProjectConfigurationPlatforms) = postSolution
		{6291D341-7AB6-48D3-BDCE-AD954FCF1DDC}.Debug|Any CPU.ActiveCfg = Debug|Any CPU
		{6291D341-7AB6-48D3-BDCE-AD954FCF1DDC}.Debug|Any CPU.Build.0 = Debug|Any CPU
		{6291D341-7AB6-48D3-BDCE-AD954FCF1DDC}.Release|Any CPU.ActiveCfg = Release|Any CPU
		{6291D341-7AB6-48D3-BDCE-AD954FCF1DDC}.Release|Any CPU.Build.0 = Release|Any CPU
	EndGlobalSection
EndGlobal
